
Microsoft Visual Studio Solution File, Format Version 12.00
# Visual Studio Version 16
VisualStudioVersion = 16.0.30114.105
MinimumVisualStudioVersion = 10.0.40219.1
Project("{FAE04EC0-301F-11D3-BF4B-00C04F79EFBC}") = "BookStore.Domain", "BookStore.Domain\BookStore.Domain.csproj", "{B5EA13D3-E9E0-4205-AB81-10E88E488233}"
EndProject
Project("{FAE04EC0-301F-11D3-BF4B-00C04F79EFBC}") = "BookStore.Tests", "BookStore.Tests\BookStore.Tests.csproj", "{0B200A24-7A78-4185-ACEF-0126B0D14D6B}"
EndProject
Project("{FAE04EC0-301F-11D3-BF4B-00C04F79EFBC}") = "BookStore.Infra", "BookStore.Infra\BookStore.Infra.csproj", "{C7A51F33-C2CD-40BD-B10A-4683806205DF}"
EndProject
Project("{FAE04EC0-301F-11D3-BF4B-00C04F79EFBC}") = "BookStore.Ioc", "BookStore.Ioc\BookStore.Ioc.csproj", "{B5B12A23-C4C7-456C-895A-FFDBFC35A1DC}"
EndProject
Project("{FAE04EC0-301F-11D3-BF4B-00C04F79EFBC}") = "BookStore.Api", "BookStore.Api\BookStore.Api.csproj", "{A09AEDB1-AEB6-4A2F-9E8F-788618F39B99}"
EndProject
Global
	GlobalSection(SolutionConfigurationPlatforms) = preSolution
		Debug|Any CPU = Debug|Any CPU
		Release|Any CPU = Release|Any CPU
	EndGlobalSection
	GlobalSection(SolutionProperties) = preSolution
		HideSolutionNode = FALSE
	EndGlobalSection
	GlobalSection(ProjectConfigurationPlatforms) = postSolution
		{B5EA13D3-E9E0-4205-AB81-10E88E488233}.Debug|Any CPU.ActiveCfg = Debug|Any CPU
		{B5EA13D3-E9E0-4205-AB81-10E88E488233}.Debug|Any CPU.Build.0 = Debug|Any CPU
		{B5EA13D3-E9E0-4205-AB81-10E88E488233}.Release|Any CPU.ActiveCfg = Release|Any CPU
		{B5EA13D3-E9E0-4205-AB81-10E88E488233}.Release|Any CPU.Build.0 = Release|Any CPU
		{0B200A24-7A78-4185-ACEF-0126B0D14D6B}.Debug|Any CPU.ActiveCfg = Debug|Any CPU
		{0B200A24-7A78-4185-ACEF-0126B0D14D6B}.Debug|Any CPU.Build.0 = Debug|Any CPU
		{0B200A24-7A78-4185-ACEF-0126B0D14D6B}.Release|Any CPU.ActiveCfg = Release|Any CPU
		{0B200A24-7A78-4185-ACEF-0126B0D14D6B}.Release|Any CPU.Build.0 = Release|Any CPU
		{C7A51F33-C2CD-40BD-B10A-4683806205DF}.Debug|Any CPU.ActiveCfg = Debug|Any CPU
		{C7A51F33-C2CD-40BD-B10A-4683806205DF}.Debug|Any CPU.Build.0 = Debug|Any CPU
		{C7A51F33-C2CD-40BD-B10A-4683806205DF}.Release|Any CPU.ActiveCfg = Release|Any CPU
		{C7A51F33-C2CD-40BD-B10A-4683806205DF}.Release|Any CPU.Build.0 = Release|Any CPU
		{B5B12A23-C4C7-456C-895A-FFDBFC35A1DC}.Debug|Any CPU.ActiveCfg = Debug|Any CPU
		{B5B12A23-C4C7-456C-895A-FFDBFC35A1DC}.Debug|Any CPU.Build.0 = Debug|Any CPU
		{B5B12A23-C4C7-456C-895A-FFDBFC35A1DC}.Release|Any CPU.ActiveCfg = Release|Any CPU
		{B5B12A23-C4C7-456C-895A-FFDBFC35A1DC}.Release|Any CPU.Build.0 = Release|Any CPU
		{A09AEDB1-AEB6-4A2F-9E8F-788618F39B99}.Debug|Any CPU.ActiveCfg = Debug|Any CPU
		{A09AEDB1-AEB6-4A2F-9E8F-788618F39B99}.Debug|Any CPU.Build.0 = Debug|Any CPU
		{A09AEDB1-AEB6-4A2F-9E8F-788618F39B99}.Release|Any CPU.ActiveCfg = Release|Any CPU
		{A09AEDB1-AEB6-4A2F-9E8F-788618F39B99}.Release|Any CPU.Build.0 = Release|Any CPU
	EndGlobalSection
EndGlobal
